
Microsoft Visual Studio Solution File, Format Version 12.00
# Visual Studio Version 17
VisualStudioVersion = 17.5.33424.131
MinimumVisualStudioVersion = 10.0.40219.1
Project("{9A19103F-16F7-4668-BE54-9A1E7A4F7556}") = "OuinexDesktop", "OuinexDesktop\OuinexDesktop.csproj", "{0315205A-E52D-4A7F-A68B-FA1C8FCCB4C9}"
EndProject
Project("{9A19103F-16F7-4668-BE54-9A1E7A4F7556}") = "OuinexDesktop.Exchanges", "OuinexDesktop.Exchanges\OuinexDesktop.Exchanges.csproj", "{DBE0C412-8D70-43E9-BBCA-6B664A7161D1}"
EndProject
Project("{9A19103F-16F7-4668-BE54-9A1E7A4F7556}") = "OuinexDesktop.Models", "OuinexDesktop.Models\OuinexDesktop.Models.csproj", "{42940120-A986-4318-9BFB-71963B2E94B4}"
EndProject
Project("{9A19103F-16F7-4668-BE54-9A1E7A4F7556}") = "TestingConsole", "TestingConsole\TestingConsole.csproj", "{EEDC9C82-7FC9-497E-90B6-1604EA0DBB06}"
EndProject
Project("{9A19103F-16F7-4668-BE54-9A1E7A4F7556}") = "TestingApp", "TestingApp\TestingApp.csproj", "{AE203C78-36CB-487A-85F7-6C3724B24D23}"
EndProject
Project("{9A19103F-16F7-4668-BE54-9A1E7A4F7556}") = "OuinexDesktop.Services", "OuinexDesktop.Services\OuinexDesktop.Services.csproj", "{2C4D1780-495B-4A35-939A-11EA17E175EA}"
EndProject
Project("{9A19103F-16F7-4668-BE54-9A1E7A4F7556}") = "SukiUI", "SukiUI\SukiUI.csproj", "{543E7FC7-B461-4F1B-9698-198C3E574C4F}"
EndProject
Project("{9A19103F-16F7-4668-BE54-9A1E7A4F7556}") = "Semi.Avalonia", "Semi.Avalonia\Semi.Avalonia.csproj", "{A5E69BE9-BBAE-4C09-A930-6049F944EEBB}"
EndProject
Project("{9A19103F-16F7-4668-BE54-9A1E7A4F7556}") = "Semi.Avalonia.ColorPicker", "Semi.Avalonia.ColorPicker\Semi.Avalonia.ColorPicker.csproj", "{1D63568C-80AE-4BC8-B1DB-076B9AF2F2FD}"
EndProject
Project("{9A19103F-16F7-4668-BE54-9A1E7A4F7556}") = "Semi.Avalonia.DataGrid", "Semi.Avalonia.DataGrid\Semi.Avalonia.DataGrid.csproj", "{0EC416B1-649F-4E7E-B968-C12055600B3E}"
EndProject
Project("{9A19103F-16F7-4668-BE54-9A1E7A4F7556}") = "OuinexDesktop.Charting", "OuinexDesktop.Charting\OuinexDesktop.Charting.csproj", "{37EB02A0-B444-4D63-8EA6-702D15262745}"
EndProject
Project("{2150E333-8FDC-42A3-9474-1A3956D46DE8}") = "Theming", "Theming", "{5C1EF77F-6863-44BA-9D66-96D6FA2CB9CD}"
EndProject
Project("{2150E333-8FDC-42A3-9474-1A3956D46DE8}") = "Docking", "Docking", "{F3061AD7-B142-4D44-9940-3CADFC231988}"
EndProject
Project("{2150E333-8FDC-42A3-9474-1A3956D46DE8}") = "Sources", "Sources", "{AD33FE74-5B95-467E-8BC4-20F9BE0B941D}"
EndProject
Project("{2150E333-8FDC-42A3-9474-1A3956D46DE8}") = "Testing", "Testing", "{B5C3008E-5BC7-49EB-9CE2-7924B8D41E44}"
EndProject
Project("{9A19103F-16F7-4668-BE54-9A1E7A4F7556}") = "OuinexDesktop.IndicatorsCore", "OuinexDesktop.IndicatorsCore\OuinexDesktop.IndicatorsCore.csproj", "{1B4C67F0-A31D-4A88-A3B4-8531F0193597}"
EndProject
Project("{2150E333-8FDC-42A3-9474-1A3956D46DE8}") = "Charting", "Charting", "{EA0B738A-120D-4FD9-AFC1-75FC1394C54F}"
EndProject
Project("{9A19103F-16F7-4668-BE54-9A1E7A4F7556}") = "StockPlot", "StockPlot\StockPlot\StockPlot.csproj", "{E62AEEDD-C2DF-462D-A5C2-0D563FF88A53}"
EndProject
Project("{9A19103F-16F7-4668-BE54-9A1E7A4F7556}") = "StockPlot.Charts", "StockPlot\StockPlot.Charts\StockPlot.Charts.csproj", "{0B6CAAFB-71AE-4750-971F-B014B176C1DE}"
EndProject
Project("{9A19103F-16F7-4668-BE54-9A1E7A4F7556}") = "StockPlot.Indicators", "StockPlot\StockPlot.Indicators\StockPlot.Indicators.csproj", "{F10E32A7-3A64-492C-84EE-31317F1D5051}"
EndProject
Global
	GlobalSection(SolutionConfigurationPlatforms) = preSolution
		Debug|Any CPU = Debug|Any CPU
		Release|Any CPU = Release|Any CPU
	EndGlobalSection
	GlobalSection(ProjectConfigurationPlatforms) = postSolution
		{0315205A-E52D-4A7F-A68B-FA1C8FCCB4C9}.Debug|Any CPU.ActiveCfg = Debug|Any CPU
		{0315205A-E52D-4A7F-A68B-FA1C8FCCB4C9}.Debug|Any CPU.Build.0 = Debug|Any CPU
		{0315205A-E52D-4A7F-A68B-FA1C8FCCB4C9}.Release|Any CPU.ActiveCfg = Release|Any CPU
		{0315205A-E52D-4A7F-A68B-FA1C8FCCB4C9}.Release|Any CPU.Build.0 = Release|Any CPU
		{DBE0C412-8D70-43E9-BBCA-6B664A7161D1}.Debug|Any CPU.ActiveCfg = Debug|Any CPU
		{DBE0C412-8D70-43E9-BBCA-6B664A7161D1}.Debug|Any CPU.Build.0 = Debug|Any CPU
		{DBE0C412-8D70-43E9-BBCA-6B664A7161D1}.Release|Any CPU.ActiveCfg = Release|Any CPU
		{DBE0C412-8D70-43E9-BBCA-6B664A7161D1}.Release|Any CPU.Build.0 = Release|Any CPU
		{42940120-A986-4318-9BFB-71963B2E94B4}.Debug|Any CPU.ActiveCfg = Debug|Any CPU
		{42940120-A986-4318-9BFB-71963B2E94B4}.Debug|Any CPU.Build.0 = Debug|Any CPU
		{42940120-A986-4318-9BFB-71963B2E94B4}.Release|Any CPU.ActiveCfg = Release|Any CPU
		{42940120-A986-4318-9BFB-71963B2E94B4}.Release|Any CPU.Build.0 = Release|Any CPU
		{EEDC9C82-7FC9-497E-90B6-1604EA0DBB06}.Debug|Any CPU.ActiveCfg = Debug|Any CPU
		{EEDC9C82-7FC9-497E-90B6-1604EA0DBB06}.Debug|Any CPU.Build.0 = Debug|Any CPU
		{EEDC9C82-7FC9-497E-90B6-1604EA0DBB06}.Release|Any CPU.ActiveCfg = Release|Any CPU
		{EEDC9C82-7FC9-497E-90B6-1604EA0DBB06}.Release|Any CPU.Build.0 = Release|Any CPU
		{AE203C78-36CB-487A-85F7-6C3724B24D23}.Debug|Any CPU.ActiveCfg = Debug|Any CPU
		{AE203C78-36CB-487A-85F7-6C3724B24D23}.Debug|Any CPU.Build.0 = Debug|Any CPU
		{AE203C78-36CB-487A-85F7-6C3724B24D23}.Release|Any CPU.ActiveCfg = Release|Any CPU
		{AE203C78-36CB-487A-85F7-6C3724B24D23}.Release|Any CPU.Build.0 = Release|Any CPU
		{2C4D1780-495B-4A35-939A-11EA17E175EA}.Debug|Any CPU.ActiveCfg = Debug|Any CPU
		{2C4D1780-495B-4A35-939A-11EA17E175EA}.Debug|Any CPU.Build.0 = Debug|Any CPU
		{2C4D1780-495B-4A35-939A-11EA17E175EA}.Release|Any CPU.ActiveCfg = Release|Any CPU
		{2C4D1780-495B-4A35-939A-11EA17E175EA}.Release|Any CPU.Build.0 = Release|Any CPU
		{543E7FC7-B461-4F1B-9698-198C3E574C4F}.Debug|Any CPU.ActiveCfg = Debug|Any CPU
		{543E7FC7-B461-4F1B-9698-198C3E574C4F}.Debug|Any CPU.Build.0 = Debug|Any CPU
		{543E7FC7-B461-4F1B-9698-198C3E574C4F}.Release|Any CPU.ActiveCfg = Release|Any CPU
		{543E7FC7-B461-4F1B-9698-198C3E574C4F}.Release|Any CPU.Build.0 = Release|Any CPU
		{A5E69BE9-BBAE-4C09-A930-6049F944EEBB}.Debug|Any CPU.ActiveCfg = Debug|Any CPU
		{A5E69BE9-BBAE-4C09-A930-6049F944EEBB}.Debug|Any CPU.Build.0 = Debug|Any CPU
		{A5E69BE9-BBAE-4C09-A930-6049F944EEBB}.Release|Any CPU.ActiveCfg = Release|Any CPU
		{A5E69BE9-BBAE-4C09-A930-6049F944EEBB}.Release|Any CPU.Build.0 = Release|Any CPU
		{1D63568C-80AE-4BC8-B1DB-076B9AF2F2FD}.Debug|Any CPU.ActiveCfg = Debug|Any CPU
		{1D63568C-80AE-4BC8-B1DB-076B9AF2F2FD}.Debug|Any CPU.Build.0 = Debug|Any CPU
		{1D63568C-80AE-4BC8-B1DB-076B9AF2F2FD}.Release|Any CPU.ActiveCfg = Release|Any CPU
		{1D63568C-80AE-4BC8-B1DB-076B9AF2F2FD}.Release|Any CPU.Build.0 = Release|Any CPU
		{0EC416B1-649F-4E7E-B968-C12055600B3E}.Debug|Any CPU.ActiveCfg = Debug|Any CPU
		{0EC416B1-649F-4E7E-B968-C12055600B3E}.Debug|Any CPU.Build.0 = Debug|Any CPU
		{0EC416B1-649F-4E7E-B968-C12055600B3E}.Release|Any CPU.ActiveCfg = Release|Any CPU
		{0EC416B1-649F-4E7E-B968-C12055600B3E}.Release|Any CPU.Build.0 = Release|Any CPU
		{37EB02A0-B444-4D63-8EA6-702D15262745}.Debug|Any CPU.ActiveCfg = Debug|Any CPU
		{37EB02A0-B444-4D63-8EA6-702D15262745}.Debug|Any CPU.Build.0 = Debug|Any CPU
		{37EB02A0-B444-4D63-8EA6-702D15262745}.Release|Any CPU.ActiveCfg = Release|Any CPU
		{37EB02A0-B444-4D63-8EA6-702D15262745}.Release|Any CPU.Build.0 = Release|Any CPU
		{1B4C67F0-A31D-4A88-A3B4-8531F0193597}.Debug|Any CPU.ActiveCfg = Debug|Any CPU
		{1B4C67F0-A31D-4A88-A3B4-8531F0193597}.Debug|Any CPU.Build.0 = Debug|Any CPU
		{1B4C67F0-A31D-4A88-A3B4-8531F0193597}.Release|Any CPU.ActiveCfg = Release|Any CPU
		{1B4C67F0-A31D-4A88-A3B4-8531F0193597}.Release|Any CPU.Build.0 = Release|Any CPU
		{E62AEEDD-C2DF-462D-A5C2-0D563FF88A53}.Debug|Any CPU.ActiveCfg = Debug|Any CPU
		{E62AEEDD-C2DF-462D-A5C2-0D563FF88A53}.Debug|Any CPU.Build.0 = Debug|Any CPU
		{E62AEEDD-C2DF-462D-A5C2-0D563FF88A53}.Release|Any CPU.ActiveCfg = Release|Any CPU
		{E62AEEDD-C2DF-462D-A5C2-0D563FF88A53}.Release|Any CPU.Build.0 = Release|Any CPU
		{0B6CAAFB-71AE-4750-971F-B014B176C1DE}.Debug|Any CPU.ActiveCfg = Debug|Any CPU
		{0B6CAAFB-71AE-4750-971F-B014B176C1DE}.Debug|Any CPU.Build.0 = Debug|Any CPU
		{0B6CAAFB-71AE-4750-971F-B014B176C1DE}.Release|Any CPU.ActiveCfg = Release|Any CPU
		{0B6CAAFB-71AE-4750-971F-B014B176C1DE}.Release|Any CPU.Build.0 = Release|Any CPU
		{F10E32A7-3A64-492C-84EE-31317F1D5051}.Debug|Any CPU.ActiveCfg = Debug|Any CPU
		{F10E32A7-3A64-492C-84EE-31317F1D5051}.Debug|Any CPU.Build.0 = Debug|Any CPU
		{F10E32A7-3A64-492C-84EE-31317F1D5051}.Release|Any CPU.ActiveCfg = Release|Any CPU
		{F10E32A7-3A64-492C-84EE-31317F1D5051}.Release|Any CPU.Build.0 = Release|Any CPU
	EndGlobalSection
	GlobalSection(SolutionProperties) = preSolution
		HideSolutionNode = FALSE
	EndGlobalSection
	GlobalSection(NestedProjects) = preSolution
		{0315205A-E52D-4A7F-A68B-FA1C8FCCB4C9} = {AD33FE74-5B95-467E-8BC4-20F9BE0B941D}
		{DBE0C412-8D70-43E9-BBCA-6B664A7161D1} = {AD33FE74-5B95-467E-8BC4-20F9BE0B941D}
		{42940120-A986-4318-9BFB-71963B2E94B4} = {AD33FE74-5B95-467E-8BC4-20F9BE0B941D}
		{EEDC9C82-7FC9-497E-90B6-1604EA0DBB06} = {B5C3008E-5BC7-49EB-9CE2-7924B8D41E44}
		{AE203C78-36CB-487A-85F7-6C3724B24D23} = {B5C3008E-5BC7-49EB-9CE2-7924B8D41E44}
		{2C4D1780-495B-4A35-939A-11EA17E175EA} = {AD33FE74-5B95-467E-8BC4-20F9BE0B941D}
		{543E7FC7-B461-4F1B-9698-198C3E574C4F} = {5C1EF77F-6863-44BA-9D66-96D6FA2CB9CD}
		{A5E69BE9-BBAE-4C09-A930-6049F944EEBB} = {5C1EF77F-6863-44BA-9D66-96D6FA2CB9CD}
		{1D63568C-80AE-4BC8-B1DB-076B9AF2F2FD} = {5C1EF77F-6863-44BA-9D66-96D6FA2CB9CD}
		{0EC416B1-649F-4E7E-B968-C12055600B3E} = {5C1EF77F-6863-44BA-9D66-96D6FA2CB9CD}
		{37EB02A0-B444-4D63-8EA6-702D15262745} = {AD33FE74-5B95-467E-8BC4-20F9BE0B941D}
		{1B4C67F0-A31D-4A88-A3B4-8531F0193597} = {AD33FE74-5B95-467E-8BC4-20F9BE0B941D}
		{E62AEEDD-C2DF-462D-A5C2-0D563FF88A53} = {EA0B738A-120D-4FD9-AFC1-75FC1394C54F}
		{0B6CAAFB-71AE-4750-971F-B014B176C1DE} = {EA0B738A-120D-4FD9-AFC1-75FC1394C54F}
		{F10E32A7-3A64-492C-84EE-31317F1D5051} = {EA0B738A-120D-4FD9-AFC1-75FC1394C54F}
	EndGlobalSection
	GlobalSection(ExtensibilityGlobals) = postSolution
		SolutionGuid = {06E41E70-D2AA-4883-97CC-4F01136E849A}
	EndGlobalSection
EndGlobal
