
Microsoft Visual Studio Solution File, Format Version 12.00
# Visual Studio Version 17
VisualStudioVersion = 17.5.33424.131
MinimumVisualStudioVersion = 10.0.40219.1
Project("{9A19103F-16F7-4668-BE54-9A1E7A4F7556}") = "OuinexDesktop", "OuinexDesktop\OuinexDesktop.csproj", "{0315205A-E52D-4A7F-A68B-FA1C8FCCB4C9}"
EndProject
Project("{9A19103F-16F7-4668-BE54-9A1E7A4F7556}") = "OuinexDesktop.Exchanges", "OuinexDesktop.Exchanges\OuinexDesktop.Exchanges.csproj", "{DBE0C412-8D70-43E9-BBCA-6B664A7161D1}"
EndProject
Project("{9A19103F-16F7-4668-BE54-9A1E7A4F7556}") = "OuinexDesktop.Models", "OuinexDesktop.Models\OuinexDesktop.Models.csproj", "{42940120-A986-4318-9BFB-71963B2E94B4}"
EndProject
Project("{9A19103F-16F7-4668-BE54-9A1E7A4F7556}") = "TestingConsole", "TestingConsole\TestingConsole.csproj", "{EEDC9C82-7FC9-497E-90B6-1604EA0DBB06}"
EndProject
Project("{9A19103F-16F7-4668-BE54-9A1E7A4F7556}") = "TestingApp", "TestingApp\TestingApp.csproj", "{AE203C78-36CB-487A-85F7-6C3724B24D23}"
EndProject
Project("{9A19103F-16F7-4668-BE54-9A1E7A4F7556}") = "OuinexDesktop.Services", "OuinexDesktop.Services\OuinexDesktop.Services.csproj", "{2C4D1780-495B-4A35-939A-11EA17E175EA}"
EndProject
Project("{2150E333-8FDC-42A3-9474-1A3956D46DE8}") = "Sources", "Sources", "{AD33FE74-5B95-467E-8BC4-20F9BE0B941D}"
EndProject
Project("{2150E333-8FDC-42A3-9474-1A3956D46DE8}") = "Testing", "Testing", "{B5C3008E-5BC7-49EB-9CE2-7924B8D41E44}"
EndProject
Project("{2150E333-8FDC-42A3-9474-1A3956D46DE8}") = "Charting", "Charting", "{EA0B738A-120D-4FD9-AFC1-75FC1394C54F}"
EndProject
Project("{FAE04EC0-301F-11D3-BF4B-00C04F79EFBC}") = "StockPlot.Charts", "..\StockPlot\StockPlot.Charts\StockPlot.Charts.csproj", "{0EC38CA9-7A62-439B-8872-593584D40A25}"
EndProject
Project("{FAE04EC0-301F-11D3-BF4B-00C04F79EFBC}") = "StockPlot.Indicators", "..\StockPlot\StockPlot.Indicators\StockPlot.Indicators.csproj", "{F970F5F4-D421-4A68-A643-4620FD5FE8C0}"
EndProject
Global
	GlobalSection(SolutionConfigurationPlatforms) = preSolution
		Debug|Any CPU = Debug|Any CPU
		Release|Any CPU = Release|Any CPU
	EndGlobalSection
	GlobalSection(ProjectConfigurationPlatforms) = postSolution
		{0315205A-E52D-4A7F-A68B-FA1C8FCCB4C9}.Debug|Any CPU.ActiveCfg = Debug|Any CPU
		{0315205A-E52D-4A7F-A68B-FA1C8FCCB4C9}.Debug|Any CPU.Build.0 = Debug|Any CPU
		{0315205A-E52D-4A7F-A68B-FA1C8FCCB4C9}.Release|Any CPU.ActiveCfg = Release|Any CPU
		{0315205A-E52D-4A7F-A68B-FA1C8FCCB4C9}.Release|Any CPU.Build.0 = Release|Any CPU
		{DBE0C412-8D70-43E9-BBCA-6B664A7161D1}.Debug|Any CPU.ActiveCfg = Debug|Any CPU
		{DBE0C412-8D70-43E9-BBCA-6B664A7161D1}.Debug|Any CPU.Build.0 = Debug|Any CPU
		{DBE0C412-8D70-43E9-BBCA-6B664A7161D1}.Release|Any CPU.ActiveCfg = Release|Any CPU
		{DBE0C412-8D70-43E9-BBCA-6B664A7161D1}.Release|Any CPU.Build.0 = Release|Any CPU
		{42940120-A986-4318-9BFB-71963B2E94B4}.Debug|Any CPU.ActiveCfg = Debug|Any CPU
		{42940120-A986-4318-9BFB-71963B2E94B4}.Debug|Any CPU.Build.0 = Debug|Any CPU
		{42940120-A986-4318-9BFB-71963B2E94B4}.Release|Any CPU.ActiveCfg = Release|Any CPU
		{42940120-A986-4318-9BFB-71963B2E94B4}.Release|Any CPU.Build.0 = Release|Any CPU
		{EEDC9C82-7FC9-497E-90B6-1604EA0DBB06}.Debug|Any CPU.ActiveCfg = Debug|Any CPU
		{EEDC9C82-7FC9-497E-90B6-1604EA0DBB06}.Debug|Any CPU.Build.0 = Debug|Any CPU
		{EEDC9C82-7FC9-497E-90B6-1604EA0DBB06}.Release|Any CPU.ActiveCfg = Release|Any CPU
		{EEDC9C82-7FC9-497E-90B6-1604EA0DBB06}.Release|Any CPU.Build.0 = Release|Any CPU
		{AE203C78-36CB-487A-85F7-6C3724B24D23}.Debug|Any CPU.ActiveCfg = Debug|Any CPU
		{AE203C78-36CB-487A-85F7-6C3724B24D23}.Debug|Any CPU.Build.0 = Debug|Any CPU
		{AE203C78-36CB-487A-85F7-6C3724B24D23}.Release|Any CPU.ActiveCfg = Release|Any CPU
		{AE203C78-36CB-487A-85F7-6C3724B24D23}.Release|Any CPU.Build.0 = Release|Any CPU
		{2C4D1780-495B-4A35-939A-11EA17E175EA}.Debug|Any CPU.ActiveCfg = Debug|Any CPU
		{2C4D1780-495B-4A35-939A-11EA17E175EA}.Debug|Any CPU.Build.0 = Debug|Any CPU
		{2C4D1780-495B-4A35-939A-11EA17E175EA}.Release|Any CPU.ActiveCfg = Release|Any CPU
		{2C4D1780-495B-4A35-939A-11EA17E175EA}.Release|Any CPU.Build.0 = Release|Any CPU
		{0EC38CA9-7A62-439B-8872-593584D40A25}.Debug|Any CPU.ActiveCfg = Debug|Any CPU
		{0EC38CA9-7A62-439B-8872-593584D40A25}.Debug|Any CPU.Build.0 = Debug|Any CPU
		{0EC38CA9-7A62-439B-8872-593584D40A25}.Release|Any CPU.ActiveCfg = Release|Any CPU
		{0EC38CA9-7A62-439B-8872-593584D40A25}.Release|Any CPU.Build.0 = Release|Any CPU
		{F970F5F4-D421-4A68-A643-4620FD5FE8C0}.Debug|Any CPU.ActiveCfg = Debug|Any CPU
		{F970F5F4-D421-4A68-A643-4620FD5FE8C0}.Debug|Any CPU.Build.0 = Debug|Any CPU
		{F970F5F4-D421-4A68-A643-4620FD5FE8C0}.Release|Any CPU.ActiveCfg = Release|Any CPU
		{F970F5F4-D421-4A68-A643-4620FD5FE8C0}.Release|Any CPU.Build.0 = Release|Any CPU
	EndGlobalSection
	GlobalSection(SolutionProperties) = preSolution
		HideSolutionNode = FALSE
	EndGlobalSection
	GlobalSection(NestedProjects) = preSolution
		{0315205A-E52D-4A7F-A68B-FA1C8FCCB4C9} = {AD33FE74-5B95-467E-8BC4-20F9BE0B941D}
		{DBE0C412-8D70-43E9-BBCA-6B664A7161D1} = {AD33FE74-5B95-467E-8BC4-20F9BE0B941D}
		{42940120-A986-4318-9BFB-71963B2E94B4} = {AD33FE74-5B95-467E-8BC4-20F9BE0B941D}
		{EEDC9C82-7FC9-497E-90B6-1604EA0DBB06} = {B5C3008E-5BC7-49EB-9CE2-7924B8D41E44}
		{AE203C78-36CB-487A-85F7-6C3724B24D23} = {B5C3008E-5BC7-49EB-9CE2-7924B8D41E44}
		{2C4D1780-495B-4A35-939A-11EA17E175EA} = {AD33FE74-5B95-467E-8BC4-20F9BE0B941D}
		{0EC38CA9-7A62-439B-8872-593584D40A25} = {EA0B738A-120D-4FD9-AFC1-75FC1394C54F}
		{F970F5F4-D421-4A68-A643-4620FD5FE8C0} = {EA0B738A-120D-4FD9-AFC1-75FC1394C54F}
	EndGlobalSection
	GlobalSection(ExtensibilityGlobals) = postSolution
		SolutionGuid = {06E41E70-D2AA-4883-97CC-4F01136E849A}
	EndGlobalSection
EndGlobal
